
Microsoft Visual Studio Solution File, Format Version 12.00
# Visual Studio Version 17
VisualStudioVersion = 17.5.002.0
MinimumVisualStudioVersion = 10.0.40219.1
Project("{9A19103F-16F7-4668-BE54-9A1E7A4F7556}") = "SteamPayClone", "SteamPayClone.csproj", "{0C70542D-7E98-4C7E-B440-CE39855EB954}"
EndProject
Global
	GlobalSection(SolutionConfigurationPlatforms) = preSolution
		Debug|Any CPU = Debug|Any CPU
		Release|Any CPU = Release|Any CPU
	EndGlobalSection
	GlobalSection(ProjectConfigurationPlatforms) = postSolution
		{0C70542D-7E98-4C7E-B440-CE39855EB954}.Debug|Any CPU.ActiveCfg = Debug|Any CPU
		{0C70542D-7E98-4C7E-B440-CE39855EB954}.Debug|Any CPU.Build.0 = Debug|Any CPU
		{0C70542D-7E98-4C7E-B440-CE39855EB954}.Release|Any CPU.ActiveCfg = Release|Any CPU
		{0C70542D-7E98-4C7E-B440-CE39855EB954}.Release|Any CPU.Build.0 = Release|Any CPU
	EndGlobalSection
	GlobalSection(SolutionProperties) = preSolution
		HideSolutionNode = FALSE
	EndGlobalSection
	GlobalSection(ExtensibilityGlobals) = postSolution
		SolutionGuid = {9DA85FE8-0BC2-4BDF-A458-CBDC9A08E273}
	EndGlobalSection
EndGlobal
